lockfile_version: '1'
generated_at: '2026-05-23T01:33:29.307908+00:00'
apm_version: 0.12.4
dependencies:
- repo_url: mizchi/skills
  host: github.com
  resolved_commit: c2f2f6d5245717e2f8d5919d836ac68759c27fcc
  virtual_path: apm-usage
  is_virtual: true
  package_type: claude_skill
  deployed_files:
  - .agents/skills/apm-usage
  - .claude/skills/apm-usage
  - .codeium/windsurf/skills/apm-usage
  content_hash: sha256:5ca113f215eb4433e6420abbdfbcbbb05166ec9325c810e5cc27bc9acbf7a5d9
- repo_url: mizchi/skills
  host: github.com
  resolved_commit: c2f2f6d5245717e2f8d5919d836ac68759c27fcc
  virtual_path: skill-finder
  is_virtual: true
  package_type: claude_skill
  deployed_files:
  - .agents/skills/skill-finder
  - .claude/skills/skill-finder
  - .codeium/windsurf/skills/skill-finder
  content_hash: sha256:113a25f51814b68e5d86a377499fc5ca259925b020304ac9a1ba4544a4fd1cc6
- repo_url: mizchi/skills
  host: github.com
  resolved_commit: c2f2f6d5245717e2f8d5919d836ac68759c27fcc
  virtual_path: skill-selector
  is_virtual: true
  package_type: claude_skill
  deployed_files:
  - .agents/skills/skill-selector
  - .claude/skills/skill-selector
  - .codeium/windsurf/skills/skill-selector
  content_hash: sha256:aef30cf8427de3fc66660b42e70ef4a5beff95ab12c01d0dddf85b039ed82ab7
- repo_url: obra/superpowers
  host: github.com
  resolved_commit: f2cbfbefebbfef77321e4c9abc9e949826bea9d7
  package_type: marketplace_plugin
  content_hash: sha256:fb4f87bfef928a6d68f5d5aaa29e3eba011961c5f03bbf171c3c348d8d161abb
